
Microsoft Visual Studio Solution File, Format Version 12.00
# Visual Studio Version 17
VisualStudioVersion = 17.2.32519.379
MinimumVisualStudioVersion = 10.0.40219.1
Project("{FAE04EC0-301F-11D3-BF4B-00C04F79EFBC}") = "BashSoft", "BashSoft\BashSoft.csproj", "{7283FAF6-B676-4507-B150-0C876D74C4EC}"
EndProject
Project("{2150E333-8FDC-42A3-9474-1A3956D46DE8}") = "Solution Items", "Solution Items", "{E2EEA028-B7E8-4A8C-9BC6-BC3BF83CE42A}"
	ProjectSection(SolutionItems) = preProject
		Resources\BashSoft-Resources\actual.txt = Resources\BashSoft-Resources\actual.txt
		Resources\BashSoft-Resources\data.txt = Resources\BashSoft-Resources\data.txt
		Resources\BashSoft-Resources\dataNew.txt = Resources\BashSoft-Resources\dataNew.txt
		Resources\BashSoft-Resources\expected.txt = Resources\BashSoft-Resources\expected.txt
		Resources\BashSoft-Resources\getHelp.txt = Resources\BashSoft-Resources\getHelp.txt
		Resources\BashSoft-Resources\Mismatches.txt = Resources\BashSoft-Resources\Mismatches.txt
		Resources\BashSoft-Resources\test1.txt = Resources\BashSoft-Resources\test1.txt
		Resources\BashSoft-Resources\test2.txt = Resources\BashSoft-Resources\test2.txt
		Resources\BashSoft-Resources\test3.txt = Resources\BashSoft-Resources\test3.txt
	EndProjectSection
EndProject
Global
	GlobalSection(SolutionConfigurationPlatforms) = preSolution
		Debug|Any CPU = Debug|Any CPU
		Release|Any CPU = Release|Any CPU
	EndGlobalSection
	GlobalSection(ProjectConfigurationPlatforms) = postSolution
		{7283FAF6-B676-4507-B150-0C876D74C4EC}.Debug|Any CPU.ActiveCfg = Debug|Any CPU
		{7283FAF6-B676-4507-B150-0C876D74C4EC}.Debug|Any CPU.Build.0 = Debug|Any CPU
		{7283FAF6-B676-4507-B150-0C876D74C4EC}.Release|Any CPU.ActiveCfg = Release|Any CPU
		{7283FAF6-B676-4507-B150-0C876D74C4EC}.Release|Any CPU.Build.0 = Release|Any CPU
	EndGlobalSection
	GlobalSection(SolutionProperties) = preSolution
		HideSolutionNode = FALSE
	EndGlobalSection
	GlobalSection(ExtensibilityGlobals) = postSolution
		SolutionGuid = {34839CC9-EEF7-4E72-B857-E362AA8911F8}
	EndGlobalSection
EndGlobal
